
Microsoft Visual Studio Solution File, Format Version 12.00
# Visual Studio Version 17
VisualStudioVersion = 17.9.34622.214
MinimumVisualStudioVersion = 10.0.40219.1
Project("{FAE04EC0-301F-11D3-BF4B-00C04F79EFBC}") = "Employee.Register", "Employee.Register\Employee.Register.csproj", "{7EEFEEC4-C4BD-443C-9BA6-0A529B372173}"
EndProject
Global
	GlobalSection(SolutionConfigurationPlatforms) = preSolution
		Debug|Any CPU = Debug|Any CPU
		Release|Any CPU = Release|Any CPU
	EndGlobalSection
	GlobalSection(ProjectConfigurationPlatforms) = postSolution
		{7EEFEEC4-C4BD-443C-9BA6-0A529B372173}.Debug|Any CPU.ActiveCfg = Debug|Any CPU
		{7EEFEEC4-C4BD-443C-9BA6-0A529B372173}.Debug|Any CPU.Build.0 = Debug|Any CPU
		{7EEFEEC4-C4BD-443C-9BA6-0A529B372173}.Release|Any CPU.ActiveCfg = Release|Any CPU
		{7EEFEEC4-C4BD-443C-9BA6-0A529B372173}.Release|Any CPU.Build.0 = Release|Any CPU
	EndGlobalSection
	GlobalSection(SolutionProperties) = preSolution
		HideSolutionNode = FALSE
	EndGlobalSection
	GlobalSection(ExtensibilityGlobals) = postSolution
		SolutionGuid = {3176562F-06F7-4F0B-A03B-FC7750063C6F}
	EndGlobalSection
EndGlobal
